
Microsoft Visual Studio Solution File, Format Version 12.00
# Visual Studio Version 17
VisualStudioVersion = 17.11.35303.130
MinimumVisualStudioVersion = 10.0.40219.1
Project("{FAE04EC0-301F-11D3-BF4B-00C04F79EFBC}") = "Tyuiu.GrebenschikovAA.Sprint5.Task0.V19", "Tyuiu.GrebenschikovAA.Sprint5.Task0.V19\Tyuiu.GrebenschikovAA.Sprint5.Task0.V19.csproj", "{96F1AA2B-42EF-45C4-A24D-55F8BCA973F0}"
EndProject
Project("{2150E333-8FDC-42A3-9474-1A3956D46DE8}") = "Task0", "Task0", "{BFDB0FE5-B9FC-4488-9EA4-97312BB6E8D7}"
EndProject
Project("{FAE04EC0-301F-11D3-BF4B-00C04F79EFBC}") = "Tyuiu.GrebenschikovAA.Sprint5.Task0.V19.Test", "Tyuiu.GrebenschikovAA.Sprint5.Task0.V19.Test\Tyuiu.GrebenschikovAA.Sprint5.Task0.V19.Test.csproj", "{320B3669-2024-4348-BFE6-07ECFE202F3D}"
EndProject
Project("{FAE04EC0-301F-11D3-BF4B-00C04F79EFBC}") = "Tyuiu.GrebenschikovAA.Sprint5.Task0.V19.Lib", "Tyuiu.GrebenschikovAA.Sprint5.Task0.V19.Lib\Tyuiu.GrebenschikovAA.Sprint5.Task0.V19.Lib.csproj", "{3D10EA8D-7B71-4E9E-A3BE-6DC63D6E13A2}"
EndProject
Project("{2150E333-8FDC-42A3-9474-1A3956D46DE8}") = "Task1", "Task1", "{422F8006-AEC3-4563-98DB-5AB6482C6FFC}"
EndProject
Project("{FAE04EC0-301F-11D3-BF4B-00C04F79EFBC}") = "Tyuiu.GrebenschikovAA.Sprint5.Task1.V5.Lib", "Tyuiu.GrebenschikovAA.Sprint5.Task1.V5.Lib\Tyuiu.GrebenschikovAA.Sprint5.Task1.V5.Lib.csproj", "{2C8F9944-FF92-4A69-A5F4-3DBFAD41C473}"
EndProject
Project("{FAE04EC0-301F-11D3-BF4B-00C04F79EFBC}") = "Tyuiu.GrebenschikovAA.Sprint5.Task1.V5.Test", "Tyuiu.GrebenschikovAA.Sprint5.Task1.V5.Test\Tyuiu.GrebenschikovAA.Sprint5.Task1.V5.Test.csproj", "{18701C28-9C5E-447B-9D86-5FD12CBCEEA7}"
EndProject
Project("{FAE04EC0-301F-11D3-BF4B-00C04F79EFBC}") = "Tyuiu.GrebenschikovAA.Sprint5.Task1.V5", "Tyuiu.GrebenschikovAA.Sprint5.Task1.V5\Tyuiu.GrebenschikovAA.Sprint5.Task1.V5.csproj", "{680204D3-2EF7-4B15-B831-DBCE5A028959}"
EndProject
Project("{2150E333-8FDC-42A3-9474-1A3956D46DE8}") = "Task2", "Task2", "{18E88A2E-45F8-44D3-B7F4-D659E7F159C4}"
EndProject
Project("{FAE04EC0-301F-11D3-BF4B-00C04F79EFBC}") = "Tyuiu.GrebenschikovAA.Sprint5.Task2.V14", "Tyuiu.GrebenschikovAA.Sprint5.Task2.V14\Tyuiu.GrebenschikovAA.Sprint5.Task2.V14.csproj", "{308C6CBF-1CE5-4A25-A775-692FDF37447D}"
EndProject
Project("{FAE04EC0-301F-11D3-BF4B-00C04F79EFBC}") = "Tyuiu.GrebenschikovAA.Sprint5.Task2.V14.Test", "Tyuiu.GrebenschikovAA.Sprint5.Task2.V14.Test\Tyuiu.GrebenschikovAA.Sprint5.Task2.V14.Test.csproj", "{808CE40D-E776-4F08-A0E7-B4C1F6DCD4BC}"
EndProject
Project("{FAE04EC0-301F-11D3-BF4B-00C04F79EFBC}") = "Tyuiu.GrebenschikovAA.Sprint5.Task2.V14.Lib", "Tyuiu.GrebenschikovAA.Sprint5.Task2.V14.Lib\Tyuiu.GrebenschikovAA.Sprint5.Task2.V14.Lib.csproj", "{76FA5026-66D3-472D-A990-E6025FC021CA}"
EndProject
Project("{2150E333-8FDC-42A3-9474-1A3956D46DE8}") = "Task3", "Task3", "{94203E44-408B-44F8-A8C0-67040FD4E5C9}"
EndProject
Project("{FAE04EC0-301F-11D3-BF4B-00C04F79EFBC}") = "Tyuiu.GrebenschikovAA.Sprint5.Task3.V20.Lib", "Tyuiu.GrebenschikovAA.Sprint5.Task3.V20.Lib\Tyuiu.GrebenschikovAA.Sprint5.Task3.V20.Lib.csproj", "{7DC6850F-E470-463C-A37A-685379DC6DFF}"
EndProject
Project("{FAE04EC0-301F-11D3-BF4B-00C04F79EFBC}") = "Tyuiu.GrebenschikovAA.Sprint5.Task3.V20.Test", "Tyuiu.GrebenschikovAA.Sprint5.Task3.V20.Test\Tyuiu.GrebenschikovAA.Sprint5.Task3.V20.Test.csproj", "{6F124EBA-38CE-4878-AED7-55808195493E}"
EndProject
Project("{FAE04EC0-301F-11D3-BF4B-00C04F79EFBC}") = "Tyuiu.GrebenschikovAA.Sprint5.Task3.V20", "Tyuiu.GrebenschikovAA.Sprint5.Task3.V20\Tyuiu.GrebenschikovAA.Sprint5.Task3.V20.csproj", "{BE606DEC-F329-4C88-9330-EA4FC028C617}"
EndProject
Project("{2150E333-8FDC-42A3-9474-1A3956D46DE8}") = "Task4", "Task4", "{F9A4F062-B027-4AE8-AC59-069F73C183D9}"
EndProject
Project("{FAE04EC0-301F-11D3-BF4B-00C04F79EFBC}") = "Tyuiu.GrebenschikovAA.Sprint5.Task4.V24", "Tyuiu.GrebenschikovAA.Sprint5.Task4.V24\Tyuiu.GrebenschikovAA.Sprint5.Task4.V24.csproj", "{6C93BA37-CB8E-4343-AA34-9CFA27AF986B}"
EndProject
Project("{FAE04EC0-301F-11D3-BF4B-00C04F79EFBC}") = "Tyuiu.GrebenschikovAA.Sprint5.Task4.V24.Test", "Tyuiu.GrebenschikovAA.Sprint5.Task4.V24.Test\Tyuiu.GrebenschikovAA.Sprint5.Task4.V24.Test.csproj", "{8F7F6ECE-53A8-4954-ABC7-938646D6E3CA}"
EndProject
Project("{FAE04EC0-301F-11D3-BF4B-00C04F79EFBC}") = "Tyuiu.GrebenschikovAA.Sprint5.Task4.V24.Lib", "Tyuiu.GrebenschikovAA.Sprint5.Task4.V24.Lib\Tyuiu.GrebenschikovAA.Sprint5.Task4.V24.Lib.csproj", "{A907E047-F616-4A36-8371-3314DADD180A}"
EndProject
Project("{2150E333-8FDC-42A3-9474-1A3956D46DE8}") = "Task5", "Task5", "{80416E18-9FB3-4344-A350-684E67C53020}"
EndProject
Project("{2150E333-8FDC-42A3-9474-1A3956D46DE8}") = "Task6", "Task6", "{7AD68AE1-A518-4E96-A68B-F6D3A154BEBD}"
EndProject
Project("{2150E333-8FDC-42A3-9474-1A3956D46DE8}") = "Task7", "Task7", "{91FEEB63-D095-4FD0-8C9D-976FBCFC6C00}"
EndProject
Project("{FAE04EC0-301F-11D3-BF4B-00C04F79EFBC}") = "Tyuiu.GrebenschikovAA.Sprint5.Task5.V25.Lib", "Tyuiu.GrebenschikovAA.Sprint5.Task5.V25.Lib\Tyuiu.GrebenschikovAA.Sprint5.Task5.V25.Lib.csproj", "{85625EC9-30EC-4BD3-89FD-BAE45B6C105B}"
EndProject
Project("{FAE04EC0-301F-11D3-BF4B-00C04F79EFBC}") = "Tyuiu.GrebenschikovAA.Sprint5.Task5.V25.Test", "Tyuiu.GrebenschikovAA.Sprint5.Task5.V25.Test\Tyuiu.GrebenschikovAA.Sprint5.Task5.V25.Test.csproj", "{1CD183EC-8394-477E-840F-AC95B4B05B5B}"
EndProject
Project("{FAE04EC0-301F-11D3-BF4B-00C04F79EFBC}") = "Tyuiu.GrebenschikovAA.Sprint5.Task5.V25", "Tyuiu.GrebenschikovAA.Sprint5.Task5.V25\Tyuiu.GrebenschikovAA.Sprint5.Task5.V25.csproj", "{F164A8B0-ECF5-42E0-90EE-0370A075E01F}"
EndProject
Project("{FAE04EC0-301F-11D3-BF4B-00C04F79EFBC}") = "Tyuiu.GrebenschikovAA.Sprint5.Task6.V29", "Tyuiu.GrebenschikovAA.Sprint5.Task6.V29\Tyuiu.GrebenschikovAA.Sprint5.Task6.V29.csproj", "{0D74D43A-F7D7-4B4D-85B7-63EABD1FF732}"
EndProject
Project("{FAE04EC0-301F-11D3-BF4B-00C04F79EFBC}") = "Tyuiu.GrebenschikovAA.Sprint5.Task6.V29.Test", "Tyuiu.GrebenschikovAA.Sprint5.Task6.V29.Test\Tyuiu.GrebenschikovAA.Sprint5.Task6.V29.Test.csproj", "{F3185420-C03E-4EEE-AA53-BDFDEC51039A}"
EndProject
Project("{FAE04EC0-301F-11D3-BF4B-00C04F79EFBC}") = "Tyuiu.GrebenschikovAA.Sprint5.Task6.V29.Lib", "Tyuiu.GrebenschikovAA.Sprint5.Task6.V29.Lib\Tyuiu.GrebenschikovAA.Sprint5.Task6.V29.Lib.csproj", "{4AAAC27E-598D-421D-8492-A9DB9B0A3DC7}"
EndProject
Project("{FAE04EC0-301F-11D3-BF4B-00C04F79EFBC}") = "Tyuiu.GrebenschikovAA.Sprint5.Task7.V27.Lib", "Tyuiu.GrebenschikovAA.Sprint5.Task7.V27.Lib\Tyuiu.GrebenschikovAA.Sprint5.Task7.V27.Lib.csproj", "{0B6BDB3A-64FA-4EC0-9CDC-768D2C60D098}"
EndProject
Project("{FAE04EC0-301F-11D3-BF4B-00C04F79EFBC}") = "Tyuiu.GrebenschikovAA.Sprint5.Task7.V27.Test", "Tyuiu.GrebenschikovAA.Sprint5.Task7.V27.Test\Tyuiu.GrebenschikovAA.Sprint5.Task7.V27.Test.csproj", "{0DAC0AF6-1BD9-4F4F-8405-744650E59FDA}"
EndProject
Project("{FAE04EC0-301F-11D3-BF4B-00C04F79EFBC}") = "Tyuiu.GrebenschikovAA.Sprint5.Task7.V27", "Tyuiu.GrebenschikovAA.Sprint5.Task7.V27\Tyuiu.GrebenschikovAA.Sprint5.Task7.V27.csproj", "{C48C5877-CD4C-4A11-A993-2F6EEBA8E9BA}"
EndProject
Global
	GlobalSection(SolutionConfigurationPlatforms) = preSolution
		Debug|Any CPU = Debug|Any CPU
		Release|Any CPU = Release|Any CPU
	EndGlobalSection
	GlobalSection(ProjectConfigurationPlatforms) = postSolution
		{96F1AA2B-42EF-45C4-A24D-55F8BCA973F0}.Debug|Any CPU.ActiveCfg = Debug|Any CPU
		{96F1AA2B-42EF-45C4-A24D-55F8BCA973F0}.Debug|Any CPU.Build.0 = Debug|Any CPU
		{96F1AA2B-42EF-45C4-A24D-55F8BCA973F0}.Release|Any CPU.ActiveCfg = Release|Any CPU
		{96F1AA2B-42EF-45C4-A24D-55F8BCA973F0}.Release|Any CPU.Build.0 = Release|Any CPU
		{320B3669-2024-4348-BFE6-07ECFE202F3D}.Debug|Any CPU.ActiveCfg = Debug|Any CPU
		{320B3669-2024-4348-BFE6-07ECFE202F3D}.Debug|Any CPU.Build.0 = Debug|Any CPU
		{320B3669-2024-4348-BFE6-07ECFE202F3D}.Release|Any CPU.ActiveCfg = Release|Any CPU
		{320B3669-2024-4348-BFE6-07ECFE202F3D}.Release|Any CPU.Build.0 = Release|Any CPU
		{3D10EA8D-7B71-4E9E-A3BE-6DC63D6E13A2}.Debug|Any CPU.ActiveCfg = Debug|Any CPU
		{3D10EA8D-7B71-4E9E-A3BE-6DC63D6E13A2}.Debug|Any CPU.Build.0 = Debug|Any CPU
		{3D10EA8D-7B71-4E9E-A3BE-6DC63D6E13A2}.Release|Any CPU.ActiveCfg = Release|Any CPU
		{3D10EA8D-7B71-4E9E-A3BE-6DC63D6E13A2}.Release|Any CPU.Build.0 = Release|Any CPU
		{2C8F9944-FF92-4A69-A5F4-3DBFAD41C473}.Debug|Any CPU.ActiveCfg = Debug|Any CPU
		{2C8F9944-FF92-4A69-A5F4-3DBFAD41C473}.Debug|Any CPU.Build.0 = Debug|Any CPU
		{2C8F9944-FF92-4A69-A5F4-3DBFAD41C473}.Release|Any CPU.ActiveCfg = Release|Any CPU
		{2C8F9944-FF92-4A69-A5F4-3DBFAD41C473}.Release|Any CPU.Build.0 = Release|Any CPU
		{18701C28-9C5E-447B-9D86-5FD12CBCEEA7}.Debug|Any CPU.ActiveCfg = Debug|Any CPU
		{18701C28-9C5E-447B-9D86-5FD12CBCEEA7}.Debug|Any CPU.Build.0 = Debug|Any CPU
		{18701C28-9C5E-447B-9D86-5FD12CBCEEA7}.Release|Any CPU.ActiveCfg = Release|Any CPU
		{18701C28-9C5E-447B-9D86-5FD12CBCEEA7}.Release|Any CPU.Build.0 = Release|Any CPU
		{680204D3-2EF7-4B15-B831-DBCE5A028959}.Debug|Any CPU.ActiveCfg = Debug|Any CPU
		{680204D3-2EF7-4B15-B831-DBCE5A028959}.Debug|Any CPU.Build.0 = Debug|Any CPU
		{680204D3-2EF7-4B15-B831-DBCE5A028959}.Release|Any CPU.ActiveCfg = Release|Any CPU
		{680204D3-2EF7-4B15-B831-DBCE5A028959}.Release|Any CPU.Build.0 = Release|Any CPU
		{308C6CBF-1CE5-4A25-A775-692FDF37447D}.Debug|Any CPU.ActiveCfg = Debug|Any CPU
		{308C6CBF-1CE5-4A25-A775-692FDF37447D}.Debug|Any CPU.Build.0 = Debug|Any CPU
		{308C6CBF-1CE5-4A25-A775-692FDF37447D}.Release|Any CPU.ActiveCfg = Release|Any CPU
		{308C6CBF-1CE5-4A25-A775-692FDF37447D}.Release|Any CPU.Build.0 = Release|Any CPU
		{808CE40D-E776-4F08-A0E7-B4C1F6DCD4BC}.Debug|Any CPU.ActiveCfg = Debug|Any CPU
		{808CE40D-E776-4F08-A0E7-B4C1F6DCD4BC}.Debug|Any CPU.Build.0 = Debug|Any CPU
		{808CE40D-E776-4F08-A0E7-B4C1F6DCD4BC}.Release|Any CPU.ActiveCfg = Release|Any CPU
		{808CE40D-E776-4F08-A0E7-B4C1F6DCD4BC}.Release|Any CPU.Build.0 = Release|Any CPU
		{76FA5026-66D3-472D-A990-E6025FC021CA}.Debug|Any CPU.ActiveCfg = Debug|Any CPU
		{76FA5026-66D3-472D-A990-E6025FC021CA}.Debug|Any CPU.Build.0 = Debug|Any CPU
		{76FA5026-66D3-472D-A990-E6025FC021CA}.Release|Any CPU.ActiveCfg = Release|Any CPU
		{76FA5026-66D3-472D-A990-E6025FC021CA}.Release|Any CPU.Build.0 = Release|Any CPU
		{7DC6850F-E470-463C-A37A-685379DC6DFF}.Debug|Any CPU.ActiveCfg = Debug|Any CPU
		{7DC6850F-E470-463C-A37A-685379DC6DFF}.Debug|Any CPU.Build.0 = Debug|Any CPU
		{7DC6850F-E470-463C-A37A-685379DC6DFF}.Release|Any CPU.ActiveCfg = Release|Any CPU
		{7DC6850F-E470-463C-A37A-685379DC6DFF}.Release|Any CPU.Build.0 = Release|Any CPU
		{6F124EBA-38CE-4878-AED7-55808195493E}.Debug|Any CPU.ActiveCfg = Debug|Any CPU
		{6F124EBA-38CE-4878-AED7-55808195493E}.Debug|Any CPU.Build.0 = Debug|Any CPU
		{6F124EBA-38CE-4878-AED7-55808195493E}.Release|Any CPU.ActiveCfg = Release|Any CPU
		{6F124EBA-38CE-4878-AED7-55808195493E}.Release|Any CPU.Build.0 = Release|Any CPU
		{BE606DEC-F329-4C88-9330-EA4FC028C617}.Debug|Any CPU.ActiveCfg = Debug|Any CPU
		{BE606DEC-F329-4C88-9330-EA4FC028C617}.Debug|Any CPU.Build.0 = Debug|Any CPU
		{BE606DEC-F329-4C88-9330-EA4FC028C617}.Release|Any CPU.ActiveCfg = Release|Any CPU
		{BE606DEC-F329-4C88-9330-EA4FC028C617}.Release|Any CPU.Build.0 = Release|Any CPU
		{6C93BA37-CB8E-4343-AA34-9CFA27AF986B}.Debug|Any CPU.ActiveCfg = Debug|Any CPU
		{6C93BA37-CB8E-4343-AA34-9CFA27AF986B}.Debug|Any CPU.Build.0 = Debug|Any CPU
		{6C93BA37-CB8E-4343-AA34-9CFA27AF986B}.Release|Any CPU.ActiveCfg = Release|Any CPU
		{6C93BA37-CB8E-4343-AA34-9CFA27AF986B}.Release|Any CPU.Build.0 = Release|Any CPU
		{8F7F6ECE-53A8-4954-ABC7-938646D6E3CA}.Debug|Any CPU.ActiveCfg = Debug|Any CPU
		{8F7F6ECE-53A8-4954-ABC7-938646D6E3CA}.Debug|Any CPU.Build.0 = Debug|Any CPU
		{8F7F6ECE-53A8-4954-ABC7-938646D6E3CA}.Release|Any CPU.ActiveCfg = Release|Any CPU
		{8F7F6ECE-53A8-4954-ABC7-938646D6E3CA}.Release|Any CPU.Build.0 = Release|Any CPU
		{A907E047-F616-4A36-8371-3314DADD180A}.Debug|Any CPU.ActiveCfg = Debug|Any CPU
		{A907E047-F616-4A36-8371-3314DADD180A}.Debug|Any CPU.Build.0 = Debug|Any CPU
		{A907E047-F616-4A36-8371-3314DADD180A}.Release|Any CPU.ActiveCfg = Release|Any CPU
		{A907E047-F616-4A36-8371-3314DADD180A}.Release|Any CPU.Build.0 = Release|Any CPU
		{85625EC9-30EC-4BD3-89FD-BAE45B6C105B}.Debug|Any CPU.ActiveCfg = Debug|Any CPU
		{85625EC9-30EC-4BD3-89FD-BAE45B6C105B}.Debug|Any CPU.Build.0 = Debug|Any CPU
		{85625EC9-30EC-4BD3-89FD-BAE45B6C105B}.Release|Any CPU.ActiveCfg = Release|Any CPU
		{85625EC9-30EC-4BD3-89FD-BAE45B6C105B}.Release|Any CPU.Build.0 = Release|Any CPU
		{1CD183EC-8394-477E-840F-AC95B4B05B5B}.Debug|Any CPU.ActiveCfg = Debug|Any CPU
		{1CD183EC-8394-477E-840F-AC95B4B05B5B}.Debug|Any CPU.Build.0 = Debug|Any CPU
		{1CD183EC-8394-477E-840F-AC95B4B05B5B}.Release|Any CPU.ActiveCfg = Release|Any CPU
		{1CD183EC-8394-477E-840F-AC95B4B05B5B}.Release|Any CPU.Build.0 = Release|Any CPU
		{F164A8B0-ECF5-42E0-90EE-0370A075E01F}.Debug|Any CPU.ActiveCfg = Debug|Any CPU
		{F164A8B0-ECF5-42E0-90EE-0370A075E01F}.Debug|Any CPU.Build.0 = Debug|Any CPU
		{F164A8B0-ECF5-42E0-90EE-0370A075E01F}.Release|Any CPU.ActiveCfg = Release|Any CPU
		{F164A8B0-ECF5-42E0-90EE-0370A075E01F}.Release|Any CPU.Build.0 = Release|Any CPU
		{0D74D43A-F7D7-4B4D-85B7-63EABD1FF732}.Debug|Any CPU.ActiveCfg = Debug|Any CPU
		{0D74D43A-F7D7-4B4D-85B7-63EABD1FF732}.Debug|Any CPU.Build.0 = Debug|Any CPU
		{0D74D43A-F7D7-4B4D-85B7-63EABD1FF732}.Release|Any CPU.ActiveCfg = Release|Any CPU
		{0D74D43A-F7D7-4B4D-85B7-63EABD1FF732}.Release|Any CPU.Build.0 = Release|Any CPU
		{F3185420-C03E-4EEE-AA53-BDFDEC51039A}.Debug|Any CPU.ActiveCfg = Debug|Any CPU
		{F3185420-C03E-4EEE-AA53-BDFDEC51039A}.Debug|Any CPU.Build.0 = Debug|Any CPU
		{F3185420-C03E-4EEE-AA53-BDFDEC51039A}.Release|Any CPU.ActiveCfg = Release|Any CPU
		{F3185420-C03E-4EEE-AA53-BDFDEC51039A}.Release|Any CPU.Build.0 = Release|Any CPU
		{4AAAC27E-598D-421D-8492-A9DB9B0A3DC7}.Debug|Any CPU.ActiveCfg = Debug|Any CPU
		{4AAAC27E-598D-421D-8492-A9DB9B0A3DC7}.Debug|Any CPU.Build.0 = Debug|Any CPU
		{4AAAC27E-598D-421D-8492-A9DB9B0A3DC7}.Release|Any CPU.ActiveCfg = Release|Any CPU
		{4AAAC27E-598D-421D-8492-A9DB9B0A3DC7}.Release|Any CPU.Build.0 = Release|Any CPU
		{0B6BDB3A-64FA-4EC0-9CDC-768D2C60D098}.Debug|Any CPU.ActiveCfg = Debug|Any CPU
		{0B6BDB3A-64FA-4EC0-9CDC-768D2C60D098}.Debug|Any CPU.Build.0 = Debug|Any CPU
		{0B6BDB3A-64FA-4EC0-9CDC-768D2C60D098}.Release|Any CPU.ActiveCfg = Release|Any CPU
		{0B6BDB3A-64FA-4EC0-9CDC-768D2C60D098}.Release|Any CPU.Build.0 = Release|Any CPU
		{0DAC0AF6-1BD9-4F4F-8405-744650E59FDA}.Debug|Any CPU.ActiveCfg = Debug|Any CPU
		{0DAC0AF6-1BD9-4F4F-8405-744650E59FDA}.Debug|Any CPU.Build.0 = Debug|Any CPU
		{0DAC0AF6-1BD9-4F4F-8405-744650E59FDA}.Release|Any CPU.ActiveCfg = Release|Any CPU
		{0DAC0AF6-1BD9-4F4F-8405-744650E59FDA}.Release|Any CPU.Build.0 = Release|Any CPU
		{C48C5877-CD4C-4A11-A993-2F6EEBA8E9BA}.Debug|Any CPU.ActiveCfg = Debug|Any CPU
		{C48C5877-CD4C-4A11-A993-2F6EEBA8E9BA}.Debug|Any CPU.Build.0 = Debug|Any CPU
		{C48C5877-CD4C-4A11-A993-2F6EEBA8E9BA}.Release|Any CPU.ActiveCfg = Release|Any CPU
		{C48C5877-CD4C-4A11-A993-2F6EEBA8E9BA}.Release|Any CPU.Build.0 = Release|Any CPU
	EndGlobalSection
	GlobalSection(SolutionProperties) = preSolution
		HideSolutionNode = FALSE
	EndGlobalSection
	GlobalSection(NestedProjects) = preSolution
		{96F1AA2B-42EF-45C4-A24D-55F8BCA973F0} = {BFDB0FE5-B9FC-4488-9EA4-97312BB6E8D7}
		{320B3669-2024-4348-BFE6-07ECFE202F3D} = {BFDB0FE5-B9FC-4488-9EA4-97312BB6E8D7}
		{3D10EA8D-7B71-4E9E-A3BE-6DC63D6E13A2} = {BFDB0FE5-B9FC-4488-9EA4-97312BB6E8D7}
		{2C8F9944-FF92-4A69-A5F4-3DBFAD41C473} = {422F8006-AEC3-4563-98DB-5AB6482C6FFC}
		{18701C28-9C5E-447B-9D86-5FD12CBCEEA7} = {422F8006-AEC3-4563-98DB-5AB6482C6FFC}
		{680204D3-2EF7-4B15-B831-DBCE5A028959} = {422F8006-AEC3-4563-98DB-5AB6482C6FFC}
		{308C6CBF-1CE5-4A25-A775-692FDF37447D} = {18E88A2E-45F8-44D3-B7F4-D659E7F159C4}
		{808CE40D-E776-4F08-A0E7-B4C1F6DCD4BC} = {18E88A2E-45F8-44D3-B7F4-D659E7F159C4}
		{76FA5026-66D3-472D-A990-E6025FC021CA} = {18E88A2E-45F8-44D3-B7F4-D659E7F159C4}
		{7DC6850F-E470-463C-A37A-685379DC6DFF} = {94203E44-408B-44F8-A8C0-67040FD4E5C9}
		{6F124EBA-38CE-4878-AED7-55808195493E} = {94203E44-408B-44F8-A8C0-67040FD4E5C9}
		{BE606DEC-F329-4C88-9330-EA4FC028C617} = {94203E44-408B-44F8-A8C0-67040FD4E5C9}
		{6C93BA37-CB8E-4343-AA34-9CFA27AF986B} = {F9A4F062-B027-4AE8-AC59-069F73C183D9}
		{8F7F6ECE-53A8-4954-ABC7-938646D6E3CA} = {F9A4F062-B027-4AE8-AC59-069F73C183D9}
		{A907E047-F616-4A36-8371-3314DADD180A} = {F9A4F062-B027-4AE8-AC59-069F73C183D9}
		{85625EC9-30EC-4BD3-89FD-BAE45B6C105B} = {80416E18-9FB3-4344-A350-684E67C53020}
		{1CD183EC-8394-477E-840F-AC95B4B05B5B} = {80416E18-9FB3-4344-A350-684E67C53020}
		{F164A8B0-ECF5-42E0-90EE-0370A075E01F} = {80416E18-9FB3-4344-A350-684E67C53020}
		{0D74D43A-F7D7-4B4D-85B7-63EABD1FF732} = {7AD68AE1-A518-4E96-A68B-F6D3A154BEBD}
		{F3185420-C03E-4EEE-AA53-BDFDEC51039A} = {7AD68AE1-A518-4E96-A68B-F6D3A154BEBD}
		{4AAAC27E-598D-421D-8492-A9DB9B0A3DC7} = {7AD68AE1-A518-4E96-A68B-F6D3A154BEBD}
		{0B6BDB3A-64FA-4EC0-9CDC-768D2C60D098} = {91FEEB63-D095-4FD0-8C9D-976FBCFC6C00}
		{0DAC0AF6-1BD9-4F4F-8405-744650E59FDA} = {91FEEB63-D095-4FD0-8C9D-976FBCFC6C00}
		{C48C5877-CD4C-4A11-A993-2F6EEBA8E9BA} = {91FEEB63-D095-4FD0-8C9D-976FBCFC6C00}
	EndGlobalSection
	GlobalSection(ExtensibilityGlobals) = postSolution
		SolutionGuid = {DE86C924-2251-4268-BDA8-8F4E255ABC60}
	EndGlobalSection
EndGlobal
